
Microsoft Visual Studio Solution File, Format Version 12.00
# Visual Studio 14
VisualStudioVersion = 14.0.25420.1
MinimumVisualStudioVersion = 10.0.40219.1
Project("{FAE04EC0-301F-11D3-BF4B-00C04F79EFBC}") = "sendsMessageToIotHub", "testIotHub\sendsMessageToIotHub.csproj", "{115433A0-7936-4814-B185-9BA764941550}"
EndProject
Project("{FAE04EC0-301F-11D3-BF4B-00C04F79EFBC}") = "rcvmsgFromCommander", "rcvmsgFromCommander\rcvmsgFromCommander.csproj", "{1710BC8F-2B19-48B1-98F9-DC28087C4EB2}"
EndProject
Project("{2150E333-8FDC-42A3-9474-1A3956D46DE8}") = "createDeviceIdentity", "createDeviceIdentity", "{98EF76CC-DEC7-4E33-AE77-AA091E6E97B7}"
EndProject
Project("{FAE04EC0-301F-11D3-BF4B-00C04F79EFBC}") = "CreateDeviceIdentity", "..\..\IotHub4\CreateDeviceIdentity\CreateDeviceIdentity.csproj", "{1030E1C0-02B4-4240-8206-1046CC3CB00C}"
EndProject
Global
	GlobalSection(SolutionConfigurationPlatforms) = preSolution
		Debug|Any CPU = Debug|Any CPU
		Release|Any CPU = Release|Any CPU
	EndGlobalSection
	GlobalSection(ProjectConfigurationPlatforms) = postSolution
		{115433A0-7936-4814-B185-9BA764941550}.Debug|Any CPU.ActiveCfg = Debug|Any CPU
		{115433A0-7936-4814-B185-9BA764941550}.Debug|Any CPU.Build.0 = Debug|Any CPU
		{115433A0-7936-4814-B185-9BA764941550}.Release|Any CPU.ActiveCfg = Release|Any CPU
		{115433A0-7936-4814-B185-9BA764941550}.Release|Any CPU.Build.0 = Release|Any CPU
		{1710BC8F-2B19-48B1-98F9-DC28087C4EB2}.Debug|Any CPU.ActiveCfg = Debug|Any CPU
		{1710BC8F-2B19-48B1-98F9-DC28087C4EB2}.Debug|Any CPU.Build.0 = Debug|Any CPU
		{1710BC8F-2B19-48B1-98F9-DC28087C4EB2}.Release|Any CPU.ActiveCfg = Release|Any CPU
		{1710BC8F-2B19-48B1-98F9-DC28087C4EB2}.Release|Any CPU.Build.0 = Release|Any CPU
		{1030E1C0-02B4-4240-8206-1046CC3CB00C}.Debug|Any CPU.ActiveCfg = Debug|Any CPU
		{1030E1C0-02B4-4240-8206-1046CC3CB00C}.Debug|Any CPU.Build.0 = Debug|Any CPU
		{1030E1C0-02B4-4240-8206-1046CC3CB00C}.Release|Any CPU.ActiveCfg = Release|Any CPU
		{1030E1C0-02B4-4240-8206-1046CC3CB00C}.Release|Any CPU.Build.0 = Release|Any CPU
	EndGlobalSection
	GlobalSection(SolutionProperties) = preSolution
		HideSolutionNode = FALSE
	EndGlobalSection
	GlobalSection(NestedProjects) = preSolution
		{1030E1C0-02B4-4240-8206-1046CC3CB00C} = {98EF76CC-DEC7-4E33-AE77-AA091E6E97B7}
	EndGlobalSection
	GlobalSection(ExtensibilityGlobals) = postSolution
		EnterpriseLibraryConfigurationToolBinariesPathV6 = packages\EnterpriseLibrary.TransientFaultHandling.6.0.1304.0\lib\portable-net45+win+wp8
	EndGlobalSection
EndGlobal
